
Microsoft Visual Studio Solution File, Format Version 12.00
# Visual Studio 15
VisualStudioVersion = 15.0.28307.539
MinimumVisualStudioVersion = 10.0.40219.1
Project("{8BC9CEB8-8B4A-11D0-8D11-00A0C91BC942}") = "master", "master.vcxproj", "{156D873E-78D4-9A45-FEBE-A97A5EB779CB}"
EndProject
Project("{8BC9CEB8-8B4A-11D0-8D11-00A0C91BC942}") = "usragent", "usragent\usragent.vcxproj", "{2A704202-076B-4B07-81EC-1AED6A4C2878}"
EndProject
Project("{8BC9CEB8-8B4A-11D0-8D11-00A0C91BC942}") = "examapp", "examapp\examapp.vcxproj", "{907CE886-1ED0-4F03-98F6-A81A92E329C1}"
EndProject
Global
	GlobalSection(SolutionConfigurationPlatforms) = preSolution
		Debug|Win32 = Debug|Win32
		Debug|x64 = Debug|x64
		Release|Win32 = Release|Win32
		Release|x64 = Release|x64
	EndGlobalSection
	GlobalSection(ProjectConfigurationPlatforms) = postSolution
		{156D873E-78D4-9A45-FEBE-A97A5EB779CB}.Debug|Win32.ActiveCfg = Debug|Win32
		{156D873E-78D4-9A45-FEBE-A97A5EB779CB}.Debug|Win32.Build.0 = Debug|Win32
		{156D873E-78D4-9A45-FEBE-A97A5EB779CB}.Debug|x64.ActiveCfg = Debug|Win32
		{156D873E-78D4-9A45-FEBE-A97A5EB779CB}.Release|Win32.ActiveCfg = Release|Win32
		{156D873E-78D4-9A45-FEBE-A97A5EB779CB}.Release|Win32.Build.0 = Release|Win32
		{156D873E-78D4-9A45-FEBE-A97A5EB779CB}.Release|x64.ActiveCfg = Release|Win32
		{2A704202-076B-4B07-81EC-1AED6A4C2878}.Debug|Win32.ActiveCfg = Debug|Win32
		{2A704202-076B-4B07-81EC-1AED6A4C2878}.Debug|Win32.Build.0 = Debug|Win32
		{2A704202-076B-4B07-81EC-1AED6A4C2878}.Debug|x64.ActiveCfg = Debug|x64
		{2A704202-076B-4B07-81EC-1AED6A4C2878}.Debug|x64.Build.0 = Debug|x64
		{2A704202-076B-4B07-81EC-1AED6A4C2878}.Release|Win32.ActiveCfg = Release|Win32
		{2A704202-076B-4B07-81EC-1AED6A4C2878}.Release|Win32.Build.0 = Release|Win32
		{2A704202-076B-4B07-81EC-1AED6A4C2878}.Release|x64.ActiveCfg = Release|x64
		{2A704202-076B-4B07-81EC-1AED6A4C2878}.Release|x64.Build.0 = Release|x64
		{907CE886-1ED0-4F03-98F6-A81A92E329C1}.Debug|Win32.ActiveCfg = Debug|Win32
		{907CE886-1ED0-4F03-98F6-A81A92E329C1}.Debug|Win32.Build.0 = Debug|Win32
		{907CE886-1ED0-4F03-98F6-A81A92E329C1}.Debug|x64.ActiveCfg = Debug|x64
		{907CE886-1ED0-4F03-98F6-A81A92E329C1}.Debug|x64.Build.0 = Debug|x64
		{907CE886-1ED0-4F03-98F6-A81A92E329C1}.Release|Win32.ActiveCfg = Release|Win32
		{907CE886-1ED0-4F03-98F6-A81A92E329C1}.Release|Win32.Build.0 = Release|Win32
		{907CE886-1ED0-4F03-98F6-A81A92E329C1}.Release|x64.ActiveCfg = Release|x64
		{907CE886-1ED0-4F03-98F6-A81A92E329C1}.Release|x64.Build.0 = Release|x64
	EndGlobalSection
	GlobalSection(SolutionProperties) = preSolution
		HideSolutionNode = FALSE
	EndGlobalSection
	GlobalSection(ExtensibilityGlobals) = postSolution
		SolutionGuid = {3D4F2BB3-879E-405E-BDBE-CCD6B550305C}
	EndGlobalSection
EndGlobal
