<?xml version="1.0" encoding="utf-8"?>
<Project ToolsVersion="4.0" xmlns="http://schemas.microsoft.com/developer/msbuild/2003">
  <ItemGroup>
    <Filter Include="Source Files">
      <UniqueIdentifier>{3c62db59-1473-4600-bbca-7098d36132b2}</UniqueIdentifier>
      <Extensions>cpp;c;cxx;rc;def;r;odl;idl;hpj;bat</Extensions>
    </Filter>
    <Filter Include="Source Files\drivers">
      <UniqueIdentifier>{ed0aa9f6-864b-42b6-900d-949394962601}</UniqueIdentifier>
    </Filter>
    <Filter Include="Source Files\lib">
      <UniqueIdentifier>{7a259e89-527e-4072-b29b-60aaeb1d95cc}</UniqueIdentifier>
    </Filter>
    <Filter Include="Source Files\arch">
      <UniqueIdentifier>{31322fc7-009f-4f73-8181-474a3f27f813}</UniqueIdentifier>
    </Filter>
    <Filter Include="Source Files\fs">
      <UniqueIdentifier>{596b7cd8-3669-4db3-b48a-003626923a87}</UniqueIdentifier>
    </Filter>
    <Filter Include="Source Files\shell">
      <UniqueIdentifier>{aa171edc-07ea-4bcb-8a76-2ccc3e8160a0}</UniqueIdentifier>
    </Filter>
    <Filter Include="Source Files\osentry">
      <UniqueIdentifier>{1ce50db2-8163-4f93-a138-53819420cac5}</UniqueIdentifier>
    </Filter>
    <Filter Include="Source Files\kernel">
      <UniqueIdentifier>{2ab20da3-fb06-4503-964c-7ae0e770da37}</UniqueIdentifier>
      <Extensions>.cpp</Extensions>
    </Filter>
    <Filter Include="Source Files\network">
      <UniqueIdentifier>{75a7017c-537e-49b1-b808-4bc8c3deaaec}</UniqueIdentifier>
    </Filter>
    <Filter Include="Header Files">
      <UniqueIdentifier>{915b8425-b910-40ba-aced-7f47a9618512}</UniqueIdentifier>
      <Extensions>h;hpp;hxx;hm;inl</Extensions>
    </Filter>
    <Filter Include="Header Files\include">
      <UniqueIdentifier>{e5445e33-24fc-4e2a-b4e5-defd65703ce8}</UniqueIdentifier>
      <Extensions>.h</Extensions>
    </Filter>
    <Filter Include="Header Files\drv_hdr">
      <UniqueIdentifier>{d5276c28-085a-448b-bba1-94372e3f5298}</UniqueIdentifier>
    </Filter>
    <Filter Include="Header Files\arch_hdr">
      <UniqueIdentifier>{33b63946-c624-4cf6-9673-b67db5b08c3f}</UniqueIdentifier>
    </Filter>
    <Filter Include="Header Files\kt_hdr">
      <UniqueIdentifier>{4aaa7206-2dc6-40d1-87d0-06a36fc61738}</UniqueIdentifier>
    </Filter>
    <Filter Include="Header Files\fs_hdr">
      <UniqueIdentifier>{5ff2f284-fd78-45b7-b739-739a6b262fa0}</UniqueIdentifier>
    </Filter>
    <Filter Include="Header Files\lib_hdr">
      <UniqueIdentifier>{29e95421-1ea1-44f5-9f10-8cf786dae687}</UniqueIdentifier>
    </Filter>
    <Filter Include="Header Files\shell_hdr">
      <UniqueIdentifier>{6deae5da-9474-4b9a-b092-7a0a694ae8fe}</UniqueIdentifier>
    </Filter>
    <Filter Include="Header Files\config">
      <UniqueIdentifier>{7b4d4319-ff66-4f08-aae8-99160a6344a5}</UniqueIdentifier>
    </Filter>
    <Filter Include="Resource Files">
      <UniqueIdentifier>{9d761576-26cf-4ef6-b103-ced7e0f1229c}</UniqueIdentifier>
      <Extensions>ico;cur;bmp;dlg;rc2;rct;bin;rgs;gif;jpg;jpeg;jpe</Extensions>
    </Filter>
    <Filter Include="Source Files\kthread">
      <UniqueIdentifier>{c23b14ee-55b9-4861-9d6c-61f9897b5be2}</UniqueIdentifier>
    </Filter>
    <Filter Include="Source Files\lib\sys">
      <UniqueIdentifier>{9ae9ad86-fd74-45f5-952d-505cf8f4c52b}</UniqueIdentifier>
    </Filter>
    <Filter Include="Header Files\net_hdr">
      <UniqueIdentifier>{a890e948-fd9d-4f30-bbb4-02baa24bacf6}</UniqueIdentifier>
    </Filter>
    <Filter Include="Source Files\syscall">
      <UniqueIdentifier>{e736a1b5-dcfa-4982-b45d-bae346dad8c2}</UniqueIdentifier>
    </Filter>
    <Filter Include="Header Files\syscal_hdr">
      <UniqueIdentifier>{d72ec52d-18dc-4466-a6d4-00b287ffea25}</UniqueIdentifier>
    </Filter>
    <Filter Include="Source Files\appldr">
      <UniqueIdentifier>{28af8e30-bdd5-4a37-a179-3215341883a5}</UniqueIdentifier>
    </Filter>
    <Filter Include="Header Files\usb_hdr">
      <UniqueIdentifier>{cb733ba1-12a4-4080-b1e3-541f7679fe01}</UniqueIdentifier>
    </Filter>
    <Filter Include="Source Files\usb">
      <UniqueIdentifier>{7a6869ef-f128-4f8b-ba8d-6c3421ea7ebb}</UniqueIdentifier>
    </Filter>
    <Filter Include="Header Files\netcore">
      <UniqueIdentifier>{abf6bfdf-a7e9-49f6-ae5c-3838fb037de9}</UniqueIdentifier>
    </Filter>
    <Filter Include="Source Files\netcore">
      <UniqueIdentifier>{0c11a301-4ccd-4386-ad07-9d8fcdec5564}</UniqueIdentifier>
    </Filter>
    <Filter Include="Source Files\ssh">
      <UniqueIdentifier>{76571756-28f6-4808-afef-89292e44bcbf}</UniqueIdentifier>
    </Filter>
    <Filter Include="Header Files\ssh_hdr">
      <UniqueIdentifier>{a01f237b-e208-4386-a975-f297694910fe}</UniqueIdentifier>
    </Filter>
  </ItemGroup>
  <ItemGroup>
    <ClCompile Include="drivers\x86\com.c">
      <Filter>Source Files\drivers</Filter>
    </ClCompile>
    <ClCompile Include="drivers\x86\IDEBASE.C">
      <Filter>Source Files\drivers</Filter>
    </ClCompile>
    <ClCompile Include="drivers\x86\IDEHD.C">
      <Filter>Source Files\drivers</Filter>
    </ClCompile>
    <ClCompile Include="drivers\x86\KEYBRD.C">
      <Filter>Source Files\drivers</Filter>
    </ClCompile>
    <ClCompile Include="drivers\x86\MOUSE.C">
      <Filter>Source Files\drivers</Filter>
    </ClCompile>
    <ClCompile Include="kthread\idle.c">
      <Filter>Source Files\kthread</Filter>
    </ClCompile>
    <ClCompile Include="kthread\logcat.c">
      <Filter>Source Files\kthread</Filter>
    </ClCompile>
    <ClCompile Include="arch\x86\ARCH_X86.C">
      <Filter>Source Files\arch</Filter>
    </ClCompile>
    <ClCompile Include="arch\x86\BIOS.C">
      <Filter>Source Files\arch</Filter>
    </ClCompile>
    <ClCompile Include="arch\x86\HELLOCN.C">
      <Filter>Source Files\arch</Filter>
    </ClCompile>
    <ClCompile Include="fs\FAT32.C">
      <Filter>Source Files\fs</Filter>
    </ClCompile>
    <ClCompile Include="fs\FAT322.C">
      <Filter>Source Files\fs</Filter>
    </ClCompile>
    <ClCompile Include="fs\FATMGR.C">
      <Filter>Source Files\fs</Filter>
    </ClCompile>
    <ClCompile Include="fs\FATMGR2.C">
      <Filter>Source Files\fs</Filter>
    </ClCompile>
    <ClCompile Include="fs\FATSTR.C">
      <Filter>Source Files\fs</Filter>
    </ClCompile>
    <ClCompile Include="fs\fsstr.c">
      <Filter>Source Files\fs</Filter>
    </ClCompile>
    <ClCompile Include="fs\NTFS.C">
      <Filter>Source Files\fs</Filter>
    </ClCompile>
    <ClCompile Include="fs\NTFS2.C">
      <Filter>Source Files\fs</Filter>
    </ClCompile>
    <ClCompile Include="fs\NTFSDRV.C">
      <Filter>Source Files\fs</Filter>
    </ClCompile>
    <ClCompile Include="shell\EXTCMD.C">
      <Filter>Source Files\shell</Filter>
    </ClCompile>
    <ClCompile Include="shell\FDISK.C">
      <Filter>Source Files\shell</Filter>
    </ClCompile>
    <ClCompile Include="shell\FDISK2.C">
      <Filter>Source Files\shell</Filter>
    </ClCompile>
    <ClCompile Include="shell\FIBONACCI.C">
      <Filter>Source Files\shell</Filter>
    </ClCompile>
    <ClCompile Include="shell\FS.C">
      <Filter>Source Files\shell</Filter>
    </ClCompile>
    <ClCompile Include="shell\HEDIT.C">
      <Filter>Source Files\shell</Filter>
    </ClCompile>
    <ClCompile Include="shell\HYPERTRM.C">
      <Filter>Source Files\shell</Filter>
    </ClCompile>
    <ClCompile Include="shell\IOCTRL_S.C">
      <Filter>Source Files\shell</Filter>
    </ClCompile>
    <ClCompile Include="shell\network.c">
      <Filter>Source Files\shell</Filter>
    </ClCompile>
    <ClCompile Include="shell\network2.c">
      <Filter>Source Files\shell</Filter>
    </ClCompile>
    <ClCompile Include="shell\SHELL.C">
      <Filter>Source Files\shell</Filter>
    </ClCompile>
    <ClCompile Include="shell\SHELL1.C">
      <Filter>Source Files\shell</Filter>
    </ClCompile>
    <ClCompile Include="shell\STAT_S.C">
      <Filter>Source Files\shell</Filter>
    </ClCompile>
    <ClCompile Include="shell\SYSD_S.C">
      <Filter>Source Files\shell</Filter>
    </ClCompile>
    <ClCompile Include="osentry\DRVENTRY.C">
      <Filter>Source Files\osentry</Filter>
    </ClCompile>
    <ClCompile Include="osentry\mem_scat.c">
      <Filter>Source Files\osentry</Filter>
    </ClCompile>
    <ClCompile Include="osentry\OS_ENTRY.C">
      <Filter>Source Files\osentry</Filter>
    </ClCompile>
    <ClCompile Include="kernel\COMQUEUE.C">
      <Filter>Source Files\kernel</Filter>
    </ClCompile>
    <ClCompile Include="kernel\console.c">
      <Filter>Source Files\kernel</Filter>
    </ClCompile>
    <ClCompile Include="kernel\debug.c">
      <Filter>Source Files\kernel</Filter>
    </ClCompile>
    <ClCompile Include="kernel\DEVMGR.C">
      <Filter>Source Files\kernel</Filter>
    </ClCompile>
    <ClCompile Include="kernel\DIM.C">
      <Filter>Source Files\kernel</Filter>
    </ClCompile>
    <ClCompile Include="kernel\IOMGR.C">
      <Filter>Source Files\kernel</Filter>
    </ClCompile>
    <ClCompile Include="kernel\IOMGR2.C">
      <Filter>Source Files\kernel</Filter>
    </ClCompile>
    <ClCompile Include="kernel\KAPI.C">
      <Filter>Source Files\kernel</Filter>
    </ClCompile>
    <ClCompile Include="kernel\KERMOD.C">
      <Filter>Source Files\kernel</Filter>
    </ClCompile>
    <ClCompile Include="kernel\KMEMMGR.C">
      <Filter>Source Files\kernel</Filter>
    </ClCompile>
    <ClCompile Include="kernel\KTMGR.C">
      <Filter>Source Files\kernel</Filter>
    </ClCompile>
    <ClCompile Include="kernel\KTMGR2.C">
      <Filter>Source Files\kernel</Filter>
    </ClCompile>
    <ClCompile Include="kernel\MEM_FBL.C">
      <Filter>Source Files\kernel</Filter>
    </ClCompile>
    <ClCompile Include="kernel\MEMMGR.C">
      <Filter>Source Files\kernel</Filter>
    </ClCompile>
    <ClCompile Include="kernel\MODMGR.C">
      <Filter>Source Files\kernel</Filter>
    </ClCompile>
    <ClCompile Include="kernel\OBJMGR.C">
      <Filter>Source Files\kernel</Filter>
    </ClCompile>
    <ClCompile Include="kernel\OBJQUEUE.C">
      <Filter>Source Files\kernel</Filter>
    </ClCompile>
    <ClCompile Include="kernel\PAGEIDX.C">
      <Filter>Source Files\kernel</Filter>
    </ClCompile>
    <ClCompile Include="kernel\PCI_DRV.C">
      <Filter>Source Files\kernel</Filter>
    </ClCompile>
    <ClCompile Include="kernel\PERF.C">
      <Filter>Source Files\kernel</Filter>
    </ClCompile>
    <ClCompile Include="kernel\STATCPU.C">
      <Filter>Source Files\kernel</Filter>
    </ClCompile>
    <ClCompile Include="kernel\SYNOBJ.C">
      <Filter>Source Files\kernel</Filter>
    </ClCompile>
    <ClCompile Include="kernel\synobj2.c">
      <Filter>Source Files\kernel</Filter>
    </ClCompile>
    <ClCompile Include="kernel\SYSTEM.C">
      <Filter>Source Files\kernel</Filter>
    </ClCompile>
    <ClCompile Include="kernel\TYPES.C">
      <Filter>Source Files\kernel</Filter>
    </ClCompile>
    <ClCompile Include="kernel\VMM.C">
      <Filter>Source Files\kernel</Filter>
    </ClCompile>
    <ClCompile Include="network\api\api_lib.c">
      <Filter>Source Files\network</Filter>
    </ClCompile>
    <ClCompile Include="network\api\api_msg.c">
      <Filter>Source Files\network</Filter>
    </ClCompile>
    <ClCompile Include="network\core\autoip.c">
      <Filter>Source Files\network</Filter>
    </ClCompile>
    <ClCompile Include="network\core\def.c">
      <Filter>Source Files\network</Filter>
    </ClCompile>
    <ClCompile Include="network\core\dhcp.c">
      <Filter>Source Files\network</Filter>
    </ClCompile>
    <ClCompile Include="network\core\dns.c">
      <Filter>Source Files\network</Filter>
    </ClCompile>
    <ClCompile Include="network\api\err.c">
      <Filter>Source Files\network</Filter>
    </ClCompile>
    <ClCompile Include="network\netif\etharp.c">
      <Filter>Source Files\network</Filter>
    </ClCompile>
    <ClCompile Include="network\core\icmp.c">
      <Filter>Source Files\network</Filter>
    </ClCompile>
    <ClCompile Include="network\core\igmp.c">
      <Filter>Source Files\network</Filter>
    </ClCompile>
    <ClCompile Include="network\core\inet.c">
      <Filter>Source Files\network</Filter>
    </ClCompile>
    <ClCompile Include="network\core\inet_chksum.c">
      <Filter>Source Files\network</Filter>
    </ClCompile>
    <ClCompile Include="network\core\init.c">
      <Filter>Source Files\network</Filter>
    </ClCompile>
    <ClCompile Include="network\core\ip.c">
      <Filter>Source Files\network</Filter>
    </ClCompile>
    <ClCompile Include="network\core\ip_addr.c">
      <Filter>Source Files\network</Filter>
    </ClCompile>
    <ClCompile Include="network\core\ip_frag.c">
      <Filter>Source Files\network</Filter>
    </ClCompile>
    <ClCompile Include="network\core\mem.c">
      <Filter>Source Files\network</Filter>
    </ClCompile>
    <ClCompile Include="network\core\memp.c">
      <Filter>Source Files\network</Filter>
    </ClCompile>
    <ClCompile Include="network\api\netbuf.c">
      <Filter>Source Files\network</Filter>
    </ClCompile>
    <ClCompile Include="network\api\netdb.c">
      <Filter>Source Files\network</Filter>
    </ClCompile>
    <ClCompile Include="network\core\netif.c">
      <Filter>Source Files\network</Filter>
    </ClCompile>
    <ClCompile Include="network\api\netifapi.c">
      <Filter>Source Files\network</Filter>
    </ClCompile>
    <ClCompile Include="network\core\pbuf.c">
      <Filter>Source Files\network</Filter>
    </ClCompile>
    <ClCompile Include="network\core\raw.c">
      <Filter>Source Files\network</Filter>
    </ClCompile>
    <ClCompile Include="network\api\sockets.c">
      <Filter>Source Files\network</Filter>
    </ClCompile>
    <ClCompile Include="network\core\stats.c">
      <Filter>Source Files\network</Filter>
    </ClCompile>
    <ClCompile Include="network\core\sys.c">
      <Filter>Source Files\network</Filter>
    </ClCompile>
    <ClCompile Include="network\arch\sys_arch.c">
      <Filter>Source Files\network</Filter>
    </ClCompile>
    <ClCompile Include="network\core\tcp.c">
      <Filter>Source Files\network</Filter>
    </ClCompile>
    <ClCompile Include="network\core\tcp_in.c">
      <Filter>Source Files\network</Filter>
    </ClCompile>
    <ClCompile Include="network\core\tcp_out.c">
      <Filter>Source Files\network</Filter>
    </ClCompile>
    <ClCompile Include="network\api\tcpip.c">
      <Filter>Source Files\network</Filter>
    </ClCompile>
    <ClCompile Include="network\core\timers.c">
      <Filter>Source Files\network</Filter>
    </ClCompile>
    <ClCompile Include="network\core\udp.c">
      <Filter>Source Files\network</Filter>
    </ClCompile>
    <ClCompile Include="shell\SHELL_HELP.C">
      <Filter>Source Files\shell</Filter>
    </ClCompile>
    <ClCompile Include="kernel\CharDisplay.C">
      <Filter>Source Files\kernel</Filter>
    </ClCompile>
    <ClCompile Include="arch\x86\BIOSVGA.C">
      <Filter>Source Files\arch</Filter>
    </ClCompile>
    <ClCompile Include="lib\atox.c">
      <Filter>Source Files\lib</Filter>
    </ClCompile>
    <ClCompile Include="lib\io.c">
      <Filter>Source Files\lib</Filter>
    </ClCompile>
    <ClCompile Include="lib\memory.c">
      <Filter>Source Files\lib</Filter>
    </ClCompile>
    <ClCompile Include="lib\pthread.c">
      <Filter>Source Files\lib</Filter>
    </ClCompile>
    <ClCompile Include="lib\pthread_other.c">
      <Filter>Source Files\lib</Filter>
    </ClCompile>
    <ClCompile Include="lib\stdio.c">
      <Filter>Source Files\lib</Filter>
    </ClCompile>
    <ClCompile Include="lib\string.c">
      <Filter>Source Files\lib</Filter>
    </ClCompile>
    <ClCompile Include="lib\sysmem.c">
      <Filter>Source Files\lib</Filter>
    </ClCompile>
    <ClCompile Include="lib\time.c">
      <Filter>Source Files\lib</Filter>
    </ClCompile>
    <ClCompile Include="lib\sched.c">
      <Filter>Source Files\lib</Filter>
    </ClCompile>
    <ClCompile Include="lib\signal.c">
      <Filter>Source Files\lib</Filter>
    </ClCompile>
    <ClCompile Include="kernel\process.c">
      <Filter>Source Files\kernel</Filter>
    </ClCompile>
    <ClCompile Include="lib\math.c">
      <Filter>Source Files\lib</Filter>
    </ClCompile>
    <ClCompile Include="lib\errno.c">
      <Filter>Source Files\lib</Filter>
    </ClCompile>
    <ClCompile Include="lib\getenv.c">
      <Filter>Source Files\lib</Filter>
    </ClCompile>
    <ClCompile Include="lib\setjmp.c">
      <Filter>Source Files\lib</Filter>
    </ClCompile>
    <ClCompile Include="lib\ctype.c">
      <Filter>Source Files\lib</Filter>
    </ClCompile>
    <ClCompile Include="lib\pthread_mutex.c">
      <Filter>Source Files\lib</Filter>
    </ClCompile>
    <ClCompile Include="shell\hiscmd.c">
      <Filter>Source Files\shell</Filter>
    </ClCompile>
    <ClCompile Include="drivers\x86\pcnet.c">
      <Filter>Source Files\drivers</Filter>
    </ClCompile>
    <ClCompile Include="syscall\SYSCALL.C">
      <Filter>Source Files\syscall</Filter>
    </ClCompile>
    <ClCompile Include="syscall\SYSCALL_IO.C">
      <Filter>Source Files\syscall</Filter>
    </ClCompile>
    <ClCompile Include="syscall\SYSCALL_KERNEL.C">
      <Filter>Source Files\syscall</Filter>
    </ClCompile>
    <ClCompile Include="syscall\SYSCALL_SOCKET.C">
      <Filter>Source Files\syscall</Filter>
    </ClCompile>
    <ClCompile Include="appldr\AppLoader.C">
      <Filter>Source Files\appldr</Filter>
    </ClCompile>
    <ClCompile Include="appldr\AppLoader_ELF.C">
      <Filter>Source Files\appldr</Filter>
    </ClCompile>
    <ClCompile Include="appldr\AppLoader_PE.C">
      <Filter>Source Files\appldr</Filter>
    </ClCompile>
    <ClCompile Include="appldr\AppLoader_STM32.C">
      <Filter>Source Files\appldr</Filter>
    </ClCompile>
    <ClCompile Include="usb\usb.c">
      <Filter>Source Files\usb</Filter>
    </ClCompile>
    <ClCompile Include="usb\usb_ehci.c">
      <Filter>Source Files\usb</Filter>
    </ClCompile>
    <ClCompile Include="usb\usb_hub.c">
      <Filter>Source Files\usb</Filter>
    </ClCompile>
    <ClCompile Include="usb\ehci_pci.c">
      <Filter>Source Files\usb</Filter>
    </ClCompile>
    <ClCompile Include="usb\usb_ohci.c">
      <Filter>Source Files\usb</Filter>
    </ClCompile>
    <ClCompile Include="usb\usb_storage.c">
      <Filter>Source Files\usb</Filter>
    </ClCompile>
    <ClCompile Include="usb\usb_hd.c">
      <Filter>Source Files\usb</Filter>
    </ClCompile>
    <ClCompile Include="usb\xhci_mem.c">
      <Filter>Source Files\usb</Filter>
    </ClCompile>
    <ClCompile Include="usb\xhci_ring.c">
      <Filter>Source Files\usb</Filter>
    </ClCompile>
    <ClCompile Include="usb\xhci.c">
      <Filter>Source Files\usb</Filter>
    </ClCompile>
    <ClCompile Include="usb\xhci_pci.c">
      <Filter>Source Files\usb</Filter>
    </ClCompile>
    <ClCompile Include="usb\ent_ary.c">
      <Filter>Source Files\usb</Filter>
    </ClCompile>
    <ClCompile Include="usb\usb_diag.c">
      <Filter>Source Files\usb</Filter>
    </ClCompile>
    <ClCompile Include="usb\usbmgr.c">
      <Filter>Source Files\usb</Filter>
    </ClCompile>
    <ClCompile Include="usb\usbmouse.c">
      <Filter>Source Files\usb</Filter>
    </ClCompile>
    <ClCompile Include="usb\usb_de.c">
      <Filter>Source Files\usb</Filter>
    </ClCompile>
    <ClCompile Include="usb\usbkbd.c">
      <Filter>Source Files\usb</Filter>
    </ClCompile>
    <ClCompile Include="usb\ehciint.c">
      <Filter>Source Files\usb</Filter>
    </ClCompile>
    <ClCompile Include="netcore\protos.c">
      <Filter>Source Files\netcore</Filter>
    </ClCompile>
    <ClCompile Include="netcore\ethmgr.c">
      <Filter>Source Files\netcore</Filter>
    </ClCompile>
    <ClCompile Include="netcore\ethentry.c">
      <Filter>Source Files\netcore</Filter>
    </ClCompile>
    <ClCompile Include="netcore\hx_inet.c">
      <Filter>Source Files\netcore</Filter>
    </ClCompile>
    <ClCompile Include="network\arch\lwip_pro.c">
      <Filter>Source Files\network</Filter>
    </ClCompile>
    <ClCompile Include="drivers\x86\rtl8111.c">
      <Filter>Source Files\drivers</Filter>
    </ClCompile>
    <ClCompile Include="usb\ehciiso.c">
      <Filter>Source Files\usb</Filter>
    </ClCompile>
    <ClCompile Include="usb\uvc_drv.c">
      <Filter>Source Files\usb</Filter>
    </ClCompile>
    <ClCompile Include="usb\uvc.c">
      <Filter>Source Files\usb</Filter>
    </ClCompile>
    <ClCompile Include="usb\fmt_ucmp.c">
      <Filter>Source Files\usb</Filter>
    </ClCompile>
    <ClCompile Include="shell\usbvideo.c">
      <Filter>Source Files\shell</Filter>
    </ClCompile>
    <ClCompile Include="usb\uvc_diag.c">
      <Filter>Source Files\usb</Filter>
    </ClCompile>
    <ClCompile Include="shell\Telnet.C">
      <Filter>Source Files\shell</Filter>
    </ClCompile>
    <ClCompile Include="shell\telnet2.c">
      <Filter>Source Files\shell</Filter>
    </ClCompile>
    <ClCompile Include="ssh\ssh.c">
      <Filter>Source Files\ssh</Filter>
    </ClCompile>
    <ClCompile Include="ssh\ssh_msg.c">
      <Filter>Source Files\ssh</Filter>
    </ClCompile>
    <ClCompile Include="ssh\ssh_pkt.c">
      <Filter>Source Files\ssh</Filter>
    </ClCompile>
    <ClCompile Include="ssh\ssh_text.c">
      <Filter>Source Files\ssh</Filter>
    </ClCompile>
    <ClCompile Include="ssh\sshbn.c">
      <Filter>Source Files\ssh</Filter>
    </ClCompile>
    <ClCompile Include="ssh\sshdes.c">
      <Filter>Source Files\ssh</Filter>
    </ClCompile>
    <ClCompile Include="ssh\sshdh.c">
      <Filter>Source Files\ssh</Filter>
    </ClCompile>
    <ClCompile Include="ssh\sshdss.c">
      <Filter>Source Files\ssh</Filter>
    </ClCompile>
    <ClCompile Include="ssh\sshmd5.c">
      <Filter>Source Files\ssh</Filter>
    </ClCompile>
    <ClCompile Include="ssh\sshrsa.c">
      <Filter>Source Files\ssh</Filter>
    </ClCompile>
    <ClCompile Include="ssh\sshsh256.c">
      <Filter>Source Files\ssh</Filter>
    </ClCompile>
    <ClCompile Include="ssh\sshsh512.c">
      <Filter>Source Files\ssh</Filter>
    </ClCompile>
    <ClCompile Include="ssh\sshsha.c">
      <Filter>Source Files\ssh</Filter>
    </ClCompile>
    <ClCompile Include="shell\ssh2.c">
      <Filter>Source Files\shell</Filter>
    </ClCompile>
    <ClCompile Include="ssh\sss_terminal.c">
      <Filter>Source Files\shell</Filter>
    </ClCompile>
    <ClCompile Include="usb\rtl8152.c">
      <Filter>Header Files\usb_hdr</Filter>
    </ClCompile>
    <ClCompile Include="usb\r8152_fw.c">
      <Filter>Source Files\usb</Filter>
    </ClCompile>
    <ClCompile Include="usb\r8152_e.c">
      <Filter>Source Files\usb</Filter>
    </ClCompile>
    <ClCompile Include="netcore\hx_eth.c">
      <Filter>Source Files</Filter>
    </ClCompile>
    <ClCompile Include="user\dpi.c">
      <Filter>Source Files</Filter>
    </ClCompile>
    <ClCompile Include="usb\usbasync.c">
      <Filter>Source Files</Filter>
    </ClCompile>
    <ClCompile Include="netcore\netentry.c">
      <Filter>Source Files</Filter>
    </ClCompile>
    <ClCompile Include="netcore\dhcp_srv\dhcp_srv.c">
      <Filter>Source Files</Filter>
    </ClCompile>
    <ClCompile Include="netcore\pppox\oe_pro.c">
      <Filter>Source Files</Filter>
    </ClCompile>
    <ClCompile Include="lib\rand.c">
      <Filter>Source Files</Filter>
    </ClCompile>
    <ClCompile Include="netcore\pppox\oemgr.c">
      <Filter>Source Files</Filter>
    </ClCompile>
    <ClCompile Include="netcore\tmo.c">
      <Filter>Source Files</Filter>
    </ClCompile>
    <ClCompile Include="netcore\pppox\auth.c">
      <Filter>Source Files</Filter>
    </ClCompile>
    <ClCompile Include="netcore\pppox\chap.c">
      <Filter>Source Files</Filter>
    </ClCompile>
    <ClCompile Include="netcore\pppox\chpms.c">
      <Filter>Source Files</Filter>
    </ClCompile>
    <ClCompile Include="netcore\pppox\fsm.c">
      <Filter>Source Files</Filter>
    </ClCompile>
    <ClCompile Include="netcore\pppox\ipcp.c">
      <Filter>Source Files</Filter>
    </ClCompile>
    <ClCompile Include="netcore\pppox\lcp.c">
      <Filter>Source Files</Filter>
    </ClCompile>
    <ClCompile Include="netcore\pppox\magic.c">
      <Filter>Source Files</Filter>
    </ClCompile>
    <ClCompile Include="netcore\pppox\md5.c">
      <Filter>Source Files</Filter>
    </ClCompile>
    <ClCompile Include="netcore\pppox\pap.c">
      <Filter>Source Files</Filter>
    </ClCompile>
    <ClCompile Include="netcore\pppox\ppp.c">
      <Filter>Source Files</Filter>
    </ClCompile>
    <ClCompile Include="netcore\pppox\ppp_oe.c">
      <Filter>Source Files</Filter>
    </ClCompile>
    <ClCompile Include="netcore\pppox\randm.c">
      <Filter>Source Files</Filter>
    </ClCompile>
    <ClCompile Include="netcore\pppox\vj.c">
      <Filter>Source Files</Filter>
    </ClCompile>
    <ClCompile Include="netcore\netglob.c">
      <Filter>Source Files</Filter>
    </ClCompile>
    <ClCompile Include="netcore\ebridge\ethbrg.c">
      <Filter>Source Files</Filter>
    </ClCompile>
    <ClCompile Include="netcore\nat\easynat.c">
      <Filter>Source Files</Filter>
    </ClCompile>
    <ClCompile Include="netcore\netmgr.c">
      <Filter>Source Files</Filter>
    </ClCompile>
    <ClCompile Include="lib\rdxtree.c">
      <Filter>Source Files</Filter>
    </ClCompile>
    <ClCompile Include="netcore\nat\hash.c">
      <Filter>Source Files</Filter>
    </ClCompile>
    <ClCompile Include="netcore\nat\nattcp.c">
      <Filter>Source Files</Filter>
    </ClCompile>
    <ClCompile Include="netcore\nat\naticmp.c">
      <Filter>Source Files</Filter>
    </ClCompile>
    <ClCompile Include="arch\x86\acpi.c">
      <Filter>Source Files</Filter>
    </ClCompile>
    <ClCompile Include="arch\x86\smpx86.c">
      <Filter>Source Files</Filter>
    </ClCompile>
  </ItemGroup>
  <ItemGroup>
    <ClInclude Include="include\arch\bpstruct.h">
      <Filter>Header Files\include</Filter>
    </ClInclude>
    <ClInclude Include="INCLUDE\BUFFMGR.H">
      <Filter>Header Files\include</Filter>
    </ClInclude>
    <ClInclude Include="INCLUDE\COMMOBJ.H">
      <Filter>Header Files\include</Filter>
    </ClInclude>
    <ClInclude Include="INCLUDE\COMQUEUE.H">
      <Filter>Header Files\include</Filter>
    </ClInclude>
    <ClInclude Include="include\console.h">
      <Filter>Header Files\include</Filter>
    </ClInclude>
    <ClInclude Include="include\debug.h">
      <Filter>Header Files\include</Filter>
    </ClInclude>
    <ClInclude Include="INCLUDE\DEVMGR.H">
      <Filter>Header Files\include</Filter>
    </ClInclude>
    <ClInclude Include="INCLUDE\dim.h">
      <Filter>Header Files\include</Filter>
    </ClInclude>
    <ClInclude Include="include\arch\epstruct.h">
      <Filter>Header Files\include</Filter>
    </ClInclude>
    <ClInclude Include="INCLUDE\GLOBVAR.H">
      <Filter>Header Files\include</Filter>
    </ClInclude>
    <ClInclude Include="INCLUDE\HEAP.H">
      <Filter>Header Files\include</Filter>
    </ClInclude>
    <ClInclude Include="INCLUDE\HELLOCN.H">
      <Filter>Header Files\include</Filter>
    </ClInclude>
    <ClInclude Include="INCLUDE\iomgr.h">
      <Filter>Header Files\include</Filter>
    </ClInclude>
    <ClInclude Include="include\KAPI.H">
      <Filter>Header Files\include</Filter>
    </ClInclude>
    <ClInclude Include="INCLUDE\KMEMMGR.H">
      <Filter>Header Files\include</Filter>
    </ClInclude>
    <ClInclude Include="INCLUDE\KTMGR.H">
      <Filter>Header Files\include</Filter>
    </ClInclude>
    <ClInclude Include="include\ktmgr2.h">
      <Filter>Header Files\include</Filter>
    </ClInclude>
    <ClInclude Include="INCLUDE\KTMSG.H">
      <Filter>Header Files\include</Filter>
    </ClInclude>
    <ClInclude Include="INCLUDE\MAILBOX.H">
      <Filter>Header Files\include</Filter>
    </ClInclude>
    <ClInclude Include="INCLUDE\memmgr.h">
      <Filter>Header Files\include</Filter>
    </ClInclude>
    <ClInclude Include="INCLUDE\MODMGR.H">
      <Filter>Header Files\include</Filter>
    </ClInclude>
    <ClInclude Include="INCLUDE\OBJQUEUE.H">
      <Filter>Header Files\include</Filter>
    </ClInclude>
    <ClInclude Include="INCLUDE\PAGEIDX.H">
      <Filter>Header Files\include</Filter>
    </ClInclude>
    <ClInclude Include="INCLUDE\PCI_DRV.H">
      <Filter>Header Files\include</Filter>
    </ClInclude>
    <ClInclude Include="INCLUDE\PERF.H">
      <Filter>Header Files\include</Filter>
    </ClInclude>
    <ClInclude Include="INCLUDE\RINGBUFF.H">
      <Filter>Header Files\include</Filter>
    </ClInclude>
    <ClInclude Include="INCLUDE\STATCPU.H">
      <Filter>Header Files\include</Filter>
    </ClInclude>
    <ClInclude Include="INCLUDE\StdAfx.h">
      <Filter>Header Files\include</Filter>
    </ClInclude>
    <ClInclude Include="include\sysnet.h">
      <Filter>Header Files\include</Filter>
    </ClInclude>
    <ClInclude Include="INCLUDE\SYSTEM.H">
      <Filter>Header Files\include</Filter>
    </ClInclude>
    <ClInclude Include="INCLUDE\TYPES.H">
      <Filter>Header Files\include</Filter>
    </ClInclude>
    <ClInclude Include="INCLUDE\VMM.H">
      <Filter>Header Files\include</Filter>
    </ClInclude>
    <ClInclude Include="drivers\x86\com.h">
      <Filter>Header Files\drv_hdr</Filter>
    </ClInclude>
    <ClInclude Include="drivers\x86\IDEBASE.H">
      <Filter>Header Files\drv_hdr</Filter>
    </ClInclude>
    <ClInclude Include="drivers\x86\IDEHD.H">
      <Filter>Header Files\drv_hdr</Filter>
    </ClInclude>
    <ClInclude Include="drivers\x86\KEYBRD.H">
      <Filter>Header Files\drv_hdr</Filter>
    </ClInclude>
    <ClInclude Include="drivers\x86\MOUSE.H">
      <Filter>Header Files\drv_hdr</Filter>
    </ClInclude>
    <ClInclude Include="arch\x86\ARCH.H">
      <Filter>Header Files\arch_hdr</Filter>
    </ClInclude>
    <ClInclude Include="arch\x86\BIOS.H">
      <Filter>Header Files\arch_hdr</Filter>
    </ClInclude>
    <ClInclude Include="arch\x86\SYN_MECH.H">
      <Filter>Header Files\arch_hdr</Filter>
    </ClInclude>
    <ClInclude Include="kthread\idle.h">
      <Filter>Header Files\kt_hdr</Filter>
    </ClInclude>
    <ClInclude Include="kthread\logcat.h">
      <Filter>Header Files\kt_hdr</Filter>
    </ClInclude>
    <ClInclude Include="fs\FAT32.H">
      <Filter>Header Files\fs_hdr</Filter>
    </ClInclude>
    <ClInclude Include="fs\fsstr.h">
      <Filter>Header Files\fs_hdr</Filter>
    </ClInclude>
    <ClInclude Include="fs\NTFS.H">
      <Filter>Header Files\fs_hdr</Filter>
    </ClInclude>
    <ClInclude Include="shell\EXTCMD.H">
      <Filter>Header Files\shell_hdr</Filter>
    </ClInclude>
    <ClInclude Include="shell\FDISK.H">
      <Filter>Header Files\shell_hdr</Filter>
    </ClInclude>
    <ClInclude Include="shell\FIBONACCI.H">
      <Filter>Header Files\shell_hdr</Filter>
    </ClInclude>
    <ClInclude Include="shell\FS.H">
      <Filter>Header Files\shell_hdr</Filter>
    </ClInclude>
    <ClInclude Include="shell\HEDIT.H">
      <Filter>Header Files\shell_hdr</Filter>
    </ClInclude>
    <ClInclude Include="shell\HYPERTRM.H">
      <Filter>Header Files\shell_hdr</Filter>
    </ClInclude>
    <ClInclude Include="shell\IOCTRL_S.H">
      <Filter>Header Files\shell_hdr</Filter>
    </ClInclude>
    <ClInclude Include="shell\network.h">
      <Filter>Header Files\shell_hdr</Filter>
    </ClInclude>
    <ClInclude Include="shell\SHELL.H">
      <Filter>Header Files\shell_hdr</Filter>
    </ClInclude>
    <ClInclude Include="shell\STAT_S.H">
      <Filter>Header Files\shell_hdr</Filter>
    </ClInclude>
    <ClInclude Include="shell\SYSD_S.H">
      <Filter>Header Files\shell_hdr</Filter>
    </ClInclude>
    <ClInclude Include="config\config.h">
      <Filter>Header Files\config</Filter>
    </ClInclude>
    <ClInclude Include="include\arch\cc.h">
      <Filter>Header Files\net_hdr</Filter>
    </ClInclude>
    <ClInclude Include="include\lwipopts.h">
      <Filter>Header Files\net_hdr</Filter>
    </ClInclude>
    <ClInclude Include="include\lwip\netif.h">
      <Filter>Header Files\net_hdr</Filter>
    </ClInclude>
    <ClInclude Include="include\lwip\opt.h">
      <Filter>Header Files\net_hdr</Filter>
    </ClInclude>
    <ClInclude Include="include\arch\perf.h">
      <Filter>Header Files\net_hdr</Filter>
    </ClInclude>
    <ClInclude Include="include\lwip\sockets.h">
      <Filter>Header Files\net_hdr</Filter>
    </ClInclude>
    <ClInclude Include="include\lwip\sys.h">
      <Filter>Header Files\net_hdr</Filter>
    </ClInclude>
    <ClInclude Include="include\arch\sys_arch.h">
      <Filter>Header Files\net_hdr</Filter>
    </ClInclude>
    <ClInclude Include="include\CharDisplay.H">
      <Filter>Header Files\include</Filter>
    </ClInclude>
    <ClInclude Include="dispaly\BIOSVGA.H">
      <Filter>Header Files\drv_hdr</Filter>
    </ClInclude>
    <ClInclude Include="arch\x86\BIOSVGA.H">
      <Filter>Header Files\arch_hdr</Filter>
    </ClInclude>
    <ClInclude Include="lib\io.h">
      <Filter>Header Files\lib_hdr</Filter>
    </ClInclude>
    <ClInclude Include="lib\pthread.h">
      <Filter>Header Files\lib_hdr</Filter>
    </ClInclude>
    <ClInclude Include="lib\stddef.h">
      <Filter>Header Files\lib_hdr</Filter>
    </ClInclude>
    <ClInclude Include="lib\stdint.h">
      <Filter>Header Files\lib_hdr</Filter>
    </ClInclude>
    <ClInclude Include="lib\stdio.h">
      <Filter>Header Files\lib_hdr</Filter>
    </ClInclude>
    <ClInclude Include="lib\stdlib.h">
      <Filter>Header Files\lib_hdr</Filter>
    </ClInclude>
    <ClInclude Include="lib\string.h">
      <Filter>Header Files\lib_hdr</Filter>
    </ClInclude>
    <ClInclude Include="lib\time.h">
      <Filter>Header Files\lib_hdr</Filter>
    </ClInclude>
    <ClInclude Include="lib\time_pri.h">
      <Filter>Header Files\lib_hdr</Filter>
    </ClInclude>
    <ClInclude Include="lib\signal.h">
      <Filter>Header Files\lib_hdr</Filter>
    </ClInclude>
    <ClInclude Include="lib\sched.h">
      <Filter>Header Files\lib_hdr</Filter>
    </ClInclude>
    <ClInclude Include="lib\unistd.h">
      <Filter>Header Files\lib_hdr</Filter>
    </ClInclude>
    <ClInclude Include="lib\sys\utsname.h">
      <Filter>Source Files\lib\sys</Filter>
    </ClInclude>
    <ClInclude Include="include\process.h">
      <Filter>Header Files\include</Filter>
    </ClInclude>
    <ClInclude Include="lib\limits.h">
      <Filter>Header Files\lib_hdr</Filter>
    </ClInclude>
    <ClInclude Include="lib\ctype.h">
      <Filter>Header Files\lib_hdr</Filter>
    </ClInclude>
    <ClInclude Include="lib\setjmp.h">
      <Filter>Header Files\lib_hdr</Filter>
    </ClInclude>
    <ClInclude Include="lib\math.h">
      <Filter>Header Files\lib_hdr</Filter>
    </ClInclude>
    <ClInclude Include="lib\errno.h">
      <Filter>Header Files\lib_hdr</Filter>
    </ClInclude>
    <ClInclude Include="lib\sys\types.h">
      <Filter>Source Files\lib\sys</Filter>
    </ClInclude>
    <ClInclude Include="lib\sys\stat.h">
      <Filter>Source Files\lib\sys</Filter>
    </ClInclude>
    <ClInclude Include="drivers\x86\pcnet.h">
      <Filter>Header Files\drv_hdr</Filter>
    </ClInclude>
    <ClInclude Include="syscall\K_API_DEF.H">
      <Filter>Header Files\syscal_hdr</Filter>
    </ClInclude>
    <ClInclude Include="syscall\SYSCALL.H">
      <Filter>Header Files\syscal_hdr</Filter>
    </ClInclude>
    <ClInclude Include="syscall\SYSCALL_KERNEL.H">
      <Filter>Header Files\syscal_hdr</Filter>
    </ClInclude>
    <ClInclude Include="include\byteord.h">
      <Filter>Header Files\include</Filter>
    </ClInclude>
    <ClInclude Include="include\align.h">
      <Filter>Header Files\include</Filter>
    </ClInclude>
    <ClInclude Include="usb\usb_defs.h">
      <Filter>Header Files\usb_hdr</Filter>
    </ClInclude>
    <ClInclude Include="usb\usb.h">
      <Filter>Header Files\usb_hdr</Filter>
    </ClInclude>
    <ClInclude Include="usb\hxadapt.h">
      <Filter>Header Files\usb_hdr</Filter>
    </ClInclude>
    <ClInclude Include="usb\usbdescriptors.h">
      <Filter>Header Files\usb_hdr</Filter>
    </ClInclude>
    <ClInclude Include="usb\ch9.h">
      <Filter>Header Files\usb_hdr</Filter>
    </ClInclude>
    <ClInclude Include="usb\ehci.h">
      <Filter>Header Files\usb_hdr</Filter>
    </ClInclude>
    <ClInclude Include="usb\ohci.h">
      <Filter>Header Files\usb_hdr</Filter>
    </ClInclude>
    <ClInclude Include="usb\usbroothubdes.h">
      <Filter>Header Files\usb_hdr</Filter>
    </ClInclude>
    <ClInclude Include="usb\scsi.h">
      <Filter>Header Files\usb_hdr</Filter>
    </ClInclude>
    <ClInclude Include="usb\usbdev_storage.h">
      <Filter>Header Files\usb_hdr</Filter>
    </ClInclude>
    <ClInclude Include="usb\xhci.h">
      <Filter>Header Files\usb_hdr</Filter>
    </ClInclude>
    <ClInclude Include="usb\usbmouse.h">
      <Filter>Header Files\usb_hdr</Filter>
    </ClInclude>
    <ClInclude Include="usb\usbkbd.h">
      <Filter>Header Files\usb_hdr</Filter>
    </ClInclude>
    <ClInclude Include="netcore\proto.h">
      <Filter>Header Files\netcore</Filter>
    </ClInclude>
    <ClInclude Include="netcore\ethmgr.h">
      <Filter>Header Files\netcore</Filter>
    </ClInclude>
    <ClInclude Include="netcore\hx_inet.h">
      <Filter>Header Files\netcore</Filter>
    </ClInclude>
    <ClInclude Include="network\arch\lwip_pro.h">
      <Filter>Header Files\net_hdr</Filter>
    </ClInclude>
    <ClInclude Include="drivers\x86\rtl8111.h">
      <Filter>Header Files\drv_hdr</Filter>
    </ClInclude>
    <ClInclude Include="usb\uvc.h">
      <Filter>Header Files\usb_hdr</Filter>
    </ClInclude>
    <ClInclude Include="usb\usbiso.h">
      <Filter>Header Files\usb_hdr</Filter>
    </ClInclude>
    <ClInclude Include="usb\fmt_ucmp.h">
      <Filter>Header Files\usb_hdr</Filter>
    </ClInclude>
    <ClInclude Include="shell\usbvideo.h">
      <Filter>Header Files\shell_hdr</Filter>
    </ClInclude>
    <ClInclude Include="shell\Telnet.H">
      <Filter>Header Files\shell_hdr</Filter>
    </ClInclude>
    <ClInclude Include="ssh\ssh_def.h">
      <Filter>Source Files\ssh</Filter>
    </ClInclude>
    <ClInclude Include="ssh\ssh_pkt.h">
      <Filter>Source Files\ssh</Filter>
    </ClInclude>
    <ClInclude Include="ssh\sshbn.h">
      <Filter>Source Files\ssh</Filter>
    </ClInclude>
    <ClInclude Include="include\ssh\ssh.h">
      <Filter>Header Files\ssh_hdr</Filter>
    </ClInclude>
    <ClInclude Include="usb\r8152.h">
      <Filter>Header Files\usb_hdr</Filter>
    </ClInclude>
    <ClInclude Include="usb\usb_ether.h">
      <Filter>Header Files\usb_hdr</Filter>
    </ClInclude>
    <ClInclude Include="netcore\mii.h">
      <Filter>Header Files\netcore</Filter>
    </ClInclude>
    <ClInclude Include="usb\r8152_e.h">
      <Filter>Header Files\usb_hdr</Filter>
    </ClInclude>
    <ClInclude Include="netcore\hx_eth.h">
      <Filter>Header Files</Filter>
    </ClInclude>
    <ClInclude Include="usb\usbasync.h">
      <Filter>Header Files</Filter>
    </ClInclude>
    <ClInclude Include="lib\stdbool.h">
      <Filter>Header Files</Filter>
    </ClInclude>
    <ClInclude Include="include\pci_ids.h">
      <Filter>Header Files</Filter>
    </ClInclude>
    <ClInclude Include="netcore\netcfg.h">
      <Filter>Header Files</Filter>
    </ClInclude>
    <ClInclude Include="netcore\dhcp_srv\dhcp_srv.h">
      <Filter>Header Files</Filter>
    </ClInclude>
    <ClInclude Include="netcore\pppox\oe_pro.h">
      <Filter>Header Files</Filter>
    </ClInclude>
    <ClInclude Include="netcore\pppox\oemgr.h">
      <Filter>Header Files</Filter>
    </ClInclude>
    <ClInclude Include="netcore\tmo.h">
      <Filter>Header Files</Filter>
    </ClInclude>
    <ClInclude Include="netcore\pppox\auth.h">
      <Filter>Header Files</Filter>
    </ClInclude>
    <ClInclude Include="netcore\pppox\chap.h">
      <Filter>Header Files</Filter>
    </ClInclude>
    <ClInclude Include="netcore\pppox\chpms.h">
      <Filter>Header Files</Filter>
    </ClInclude>
    <ClInclude Include="netcore\pppox\fsm.h">
      <Filter>Header Files</Filter>
    </ClInclude>
    <ClInclude Include="netcore\pppox\ipcp.h">
      <Filter>Header Files</Filter>
    </ClInclude>
    <ClInclude Include="netcore\pppox\lcp.h">
      <Filter>Header Files</Filter>
    </ClInclude>
    <ClInclude Include="netcore\pppox\magic.h">
      <Filter>Header Files</Filter>
    </ClInclude>
    <ClInclude Include="netcore\pppox\md5.h">
      <Filter>Header Files</Filter>
    </ClInclude>
    <ClInclude Include="netcore\pppox\pap.h">
      <Filter>Header Files</Filter>
    </ClInclude>
    <ClInclude Include="netcore\pppox\ppp.h">
      <Filter>Header Files</Filter>
    </ClInclude>
    <ClInclude Include="netcore\pppox\ppp_impl.h">
      <Filter>Header Files</Filter>
    </ClInclude>
    <ClInclude Include="netcore\pppox\pppdebug.h">
      <Filter>Header Files</Filter>
    </ClInclude>
    <ClInclude Include="netcore\pppox\randm.h">
      <Filter>Header Files</Filter>
    </ClInclude>
    <ClInclude Include="netcore\pppox\vj.h">
      <Filter>Header Files</Filter>
    </ClInclude>
    <ClInclude Include="netcore\netglob.h">
      <Filter>Header Files</Filter>
    </ClInclude>
    <ClInclude Include="netcore\nat\nat.h">
      <Filter>Header Files</Filter>
    </ClInclude>
    <ClInclude Include="netcore\ebridge\ethbrg.h">
      <Filter>Header Files</Filter>
    </ClInclude>
    <ClInclude Include="netcore\netmgr.h">
      <Filter>Header Files</Filter>
    </ClInclude>
    <ClInclude Include="network\arch\lwipext.h">
      <Filter>Header Files</Filter>
    </ClInclude>
    <ClInclude Include="lib\rdxtree.h">
      <Filter>Header Files</Filter>
    </ClInclude>
    <ClInclude Include="netcore\nat\hash.h">
      <Filter>Header Files</Filter>
    </ClInclude>
    <ClInclude Include="netcore\nat\nattcp.h">
      <Filter>Header Files</Filter>
    </ClInclude>
    <ClInclude Include="netcore\nat\naticmp.h">
      <Filter>Header Files</Filter>
    </ClInclude>
    <ClInclude Include="arch\x86\acpi.h">
      <Filter>Header Files</Filter>
    </ClInclude>
    <ClInclude Include="arch\x86\smpx86.h">
      <Filter>Header Files</Filter>
    </ClInclude>
    <ClInclude Include="include\smp.h">
      <Filter>Header Files</Filter>
    </ClInclude>
  </ItemGroup>
  <ItemGroup>
    <None Include="Authors.txt">
      <Filter>Resource Files</Filter>
    </None>
    <None Include="README.md">
      <Filter>Resource Files</Filter>
    </None>
    <None Include="revise.txt">
      <Filter>Resource Files</Filter>
    </None>
    <None Include="arch\x86\BOOTSECT.ASM">
      <Filter>Source Files\arch</Filter>
    </None>
    <None Include="arch\x86\MINIKER.ASM">
      <Filter>Source Files\arch</Filter>
    </None>
    <None Include="arch\x86\REALINIT.ASM">
      <Filter>Source Files\arch</Filter>
    </None>
  </ItemGroup>
  <ItemGroup>
    <Text Include="netcore\pppox\readme.txt" />
    <Text Include="usb\usb.txt" />
    <Text Include="arch\x86\smp.txt" />
  </ItemGroup>
</Project>