
Microsoft Visual Studio Solution File, Format Version 10.00
# Visual Studio 2008
Project("{8BC9CEB8-8B4A-11D0-8D11-00A0C91BC942}") = "hcnhello", "hcnhello\hcnhello.vcproj", "{B8B39AE1-BC6B-48DC-915B-C47FC7131DB6}"
EndProject
Global
	GlobalSection(SolutionConfigurationPlatforms) = preSolution
		Debug|Win32 = Debug|Win32
		Release|Win32 = Release|Win32
	EndGlobalSection
	GlobalSection(ProjectConfigurationPlatforms) = postSolution
		{B8B39AE1-BC6B-48DC-915B-C47FC7131DB6}.Debug|Win32.ActiveCfg = Debug|Win32
		{B8B39AE1-BC6B-48DC-915B-C47FC7131DB6}.Debug|Win32.Build.0 = Debug|Win32
		{B8B39AE1-BC6B-48DC-915B-C47FC7131DB6}.Release|Win32.ActiveCfg = Release|Win32
		{B8B39AE1-BC6B-48DC-915B-C47FC7131DB6}.Release|Win32.Build.0 = Release|Win32
	EndGlobalSection
	GlobalSection(SolutionProperties) = preSolution
		HideSolutionNode = FALSE
	EndGlobalSection
EndGlobal
